{
  "name": "universe",
  "lockfileVersion": 2,
  "requires": true,
  "packages": {
    "": {
      "dependencies": {
        "@chakra-ui/portal": "^1.3.1"
      }
    },
    "node_modules/@chakra-ui/hooks": {
      "version": "1.7.1",
      "resolved": "https://registry.npmjs.org/@chakra-ui/hooks/-/hooks-1.7.1.tgz",
      "integrity": "sha512-hgN19X6GUKQYAHczmFY+GAT8vl9h+X+nGWrIAnmvZ6BgUXxDajnTNhZeWhj0ZkR+7A7dCE6Y/3X44GafUgChMw==",
      "dependencies": {
        "@chakra-ui/react-utils": "1.2.1",
        "@chakra-ui/utils": "1.9.1",
        "compute-scroll-into-view": "1.0.14",
        "copy-to-clipboard": "3.3.1"
      },
      "peerDependencies": {
        "react": ">=16.8.6"
      }
    },
    "node_modules/@chakra-ui/portal": {
      "version": "1.3.1",
      "resolved": "https://registry.npmjs.org/@chakra-ui/portal/-/portal-1.3.1.tgz",
      "integrity": "sha512-6UOGZCfujgdijcPs/JTEY5IB5WtKvUbfrSQYsG5CDa+guIwvnoP5qZ+rH6BR6DSSM8Wr/1n+WrtanhfFZShHKA==",
      "dependencies": {
        "@chakra-ui/hooks": "1.7.1",
        "@chakra-ui/react-utils": "1.2.1",
        "@chakra-ui/utils": "1.9.1"
      },
      "peerDependencies": {
        "react": ">=16.8.6",
        "react-dom": ">=16.8.6"
      }
    },
    "node_modules/@chakra-ui/react-utils": {
      "version": "1.2.1",
      "resolved": "https://registry.npmjs.org/@chakra-ui/react-utils/-/react-utils-1.2.1.tgz",
      "integrity": "sha512-bV8FRaXiOgGxOg03iTNin/B02I+tHH9PQtqUTl3U7cJaoI+5AUYhrqXvl1Ya2/R7zxSFrb/gBVDTgbZiVkJ+Dg==",
      "dependencies": {
        "@chakra-ui/utils": "^1.9.1"
      },
      "peerDependencies": {
        "react": ">=16.8.6"
      }
    },
    "node_modules/@chakra-ui/utils": {
      "version": "1.9.1",
      "resolved": "https://registry.npmjs.org/@chakra-ui/utils/-/utils-1.9.1.tgz",
      "integrity": "sha512-Tue8JfpzOqeHd8vSqAnX1l/Y3Gg456+BXFP/TH6mCIeqMAMbrvv25vDskds0wlXRjMYdmpqHxCEzkalFrscGHA==",
      "dependencies": {
        "@types/lodash.mergewith": "4.6.6",
        "css-box-model": "1.2.1",
        "framesync": "5.3.0",
        "lodash.mergewith": "4.6.2"
      }
    },
    "node_modules/@types/lodash": {
      "version": "4.14.178",
      "resolved": "https://registry.npmjs.org/@types/lodash/-/lodash-4.14.178.tgz",
      "integrity": "sha512-0d5Wd09ItQWH1qFbEyQ7oTQ3GZrMfth5JkbN3EvTKLXcHLRDSXeLnlvlOn0wvxVIwK5o2M8JzP/OWz7T3NRsbw=="
    },
    "node_modules/@types/lodash.mergewith": {
      "version": "4.6.6",
      "resolved": "https://registry.npmjs.org/@types/lodash.mergewith/-/lodash.mergewith-4.6.6.tgz",
      "integrity": "sha512-RY/8IaVENjG19rxTZu9Nukqh0W2UrYgmBj5sdns4hWRZaV8PqR7wIKHFKzvOTjo4zVRV7sVI+yFhAJql12Kfqg==",
      "dependencies": {
        "@types/lodash": "*"
      }
    },
    "node_modules/compute-scroll-into-view": {
      "version": "1.0.14",
      "resolved": "https://registry.npmjs.org/compute-scroll-into-view/-/compute-scroll-into-view-1.0.14.tgz",
      "integrity": "sha512-mKDjINe3tc6hGelUMNDzuhorIUZ7kS7BwyY0r2wQd2HOH2tRuJykiC06iSEX8y1TuhNzvz4GcJnK16mM2J1NMQ=="
    },
    "node_modules/copy-to-clipboard": {
      "version": "3.3.1",
      "resolved": "https://registry.npmjs.org/copy-to-clipboard/-/copy-to-clipboard-3.3.1.tgz",
      "integrity": "sha512-i13qo6kIHTTpCm8/Wup+0b1mVWETvu2kIMzKoK8FpkLkFxlt0znUAHcMzox+T8sPlqtZXq3CulEjQHsYiGFJUw==",
      "dependencies": {
        "toggle-selection": "^1.0.6"
      }
    },
    "node_modules/css-box-model": {
      "version": "1.2.1",
      "resolved": "https://registry.npmjs.org/css-box-model/-/css-box-model-1.2.1.tgz",
      "integrity": "sha512-a7Vr4Q/kd/aw96bnJG332W9V9LkJO69JRcaCYDUqjp6/z0w6VcZjgAcTbgFxEPfBgdnAwlh3iwu+hLopa+flJw==",
      "dependencies": {
        "tiny-invariant": "^1.0.6"
      }
    },
    "node_modules/framesync": {
      "version": "5.3.0",
      "resolved": "https://registry.npmjs.org/framesync/-/framesync-5.3.0.tgz",
      "integrity": "sha512-oc5m68HDO/tuK2blj7ZcdEBRx3p1PjrgHazL8GYEpvULhrtGIFbQArN6cQS2QhW8mitffaB+VYzMjDqBxxQeoA==",
      "dependencies": {
        "tslib": "^2.1.0"
      }
    },
    "node_modules/js-tokens": {
      "version": "4.0.0",
      "resolved": "https://registry.npmjs.org/js-tokens/-/js-tokens-4.0.0.tgz",
      "integrity": "sha512-RdJUflcE3cUzKiMqQgsCu06FPu9UdIJO0beYbPhHN4k6apgJtifcoCtT9bcxOpYBtpD2kCM6Sbzg4CausW/PKQ==",
      "peer": true
    },
    "node_modules/lodash.mergewith": {
      "version": "4.6.2",
      "resolved": "https://registry.npmjs.org/lodash.mergewith/-/lodash.mergewith-4.6.2.tgz",
      "integrity": "sha512-GK3g5RPZWTRSeLSpgP8Xhra+pnjBC56q9FZYe1d5RN3TJ35dbkGy3YqBSMbyCrlbi+CM9Z3Jk5yTL7RCsqboyQ=="
    },
    "node_modules/loose-envify": {
      "version": "1.4.0",
      "resolved": "https://registry.npmjs.org/loose-envify/-/loose-envify-1.4.0.tgz",
      "integrity": "sha512-lyuxPGr/Wfhrlem2CL/UcnUc1zcqKAImBDzukY7Y5F/yQiNdko6+fRLevlw1HgMySw7f611UIY408EtxRSoK3Q==",
      "peer": true,
      "dependencies": {
        "js-tokens": "^3.0.0 || ^4.0.0"
      },
      "bin": {
        "loose-envify": "cli.js"
      }
    },
    "node_modules/object-assign": {
      "version": "4.1.1",
      "resolved": "https://registry.npmjs.org/object-assign/-/object-assign-4.1.1.tgz",
      "integrity": "sha1-IQmtx5ZYh8/AXLvUQsrIv7s2CGM=",
      "peer": true,
      "engines": {
        "node": ">=0.10.0"
      }
    },
    "node_modules/react": {
      "version": "17.0.2",
      "resolved": "https://registry.npmjs.org/react/-/react-17.0.2.tgz",
      "integrity": "sha512-gnhPt75i/dq/z3/6q/0asP78D0u592D5L1pd7M8P+dck6Fu/jJeL6iVVK23fptSUZj8Vjf++7wXA8UNclGQcbA==",
      "peer": true,
      "dependencies": {
        "loose-envify": "^1.1.0",
        "object-assign": "^4.1.1"
      },
      "engines": {
        "node": ">=0.10.0"
      }
    },
    "node_modules/react-dom": {
      "version": "17.0.2",
      "resolved": "https://registry.npmjs.org/react-dom/-/react-dom-17.0.2.tgz",
      "integrity": "sha512-s4h96KtLDUQlsENhMn1ar8t2bEa+q/YAtj8pPPdIjPDGBDIVNsrD9aXNWqspUe6AzKCIG0C1HZZLqLV7qpOBGA==",
      "peer": true,
      "dependencies": {
        "loose-envify": "^1.1.0",
        "object-assign": "^4.1.1",
        "scheduler": "^0.20.2"
      },
      "peerDependencies": {
        "react": "17.0.2"
      }
    },
    "node_modules/scheduler": {
      "version": "0.20.2",
      "resolved": "https://registry.npmjs.org/scheduler/-/scheduler-0.20.2.tgz",
      "integrity": "sha512-2eWfGgAqqWFGqtdMmcL5zCMK1U8KlXv8SQFGglL3CEtd0aDVDWgeF/YoCmvln55m5zSk3J/20hTaSBeSObsQDQ==",
      "peer": true,
      "dependencies": {
        "loose-envify": "^1.1.0",
        "object-assign": "^4.1.1"
      }
    },
    "node_modules/tiny-invariant": {
      "version": "1.2.0",
      "resolved": "https://registry.npmjs.org/tiny-invariant/-/tiny-invariant-1.2.0.tgz",
      "integrity": "sha512-1Uhn/aqw5C6RI4KejVeTg6mIS7IqxnLJ8Mv2tV5rTc0qWobay7pDUz6Wi392Cnc8ak1H0F2cjoRzb2/AW4+Fvg=="
    },
    "node_modules/toggle-selection": {
      "version": "1.0.6",
      "resolved": "https://registry.npmjs.org/toggle-selection/-/toggle-selection-1.0.6.tgz",
      "integrity": "sha1-bkWxJj8gF/oKzH2J14sVuL932jI="
    },
    "node_modules/tslib": {
      "version": "2.3.1",
      "resolved": "https://registry.npmjs.org/tslib/-/tslib-2.3.1.tgz",
      "integrity": "sha512-77EbyPPpMz+FRFRuAFlWMtmgUWGe9UOG2Z25NqCwiIjRhOf5iKGuzSe5P2w1laq+FkRy4p+PCuVkJSGkzTEKVw=="
    }
  },
  "dependencies": {
    "@chakra-ui/hooks": {
      "version": "1.7.1",
      "resolved": "https://registry.npmjs.org/@chakra-ui/hooks/-/hooks-1.7.1.tgz",
      "integrity": "sha512-hgN19X6GUKQYAHczmFY+GAT8vl9h+X+nGWrIAnmvZ6BgUXxDajnTNhZeWhj0ZkR+7A7dCE6Y/3X44GafUgChMw==",
      "requires": {
        "@chakra-ui/react-utils": "1.2.1",
        "@chakra-ui/utils": "1.9.1",
        "compute-scroll-into-view": "1.0.14",
        "copy-to-clipboard": "3.3.1"
      }
    },
    "@chakra-ui/portal": {
      "version": "1.3.1",
      "resolved": "https://registry.npmjs.org/@chakra-ui/portal/-/portal-1.3.1.tgz",
      "integrity": "sha512-6UOGZCfujgdijcPs/JTEY5IB5WtKvUbfrSQYsG5CDa+guIwvnoP5qZ+rH6BR6DSSM8Wr/1n+WrtanhfFZShHKA==",
      "requires": {
        "@chakra-ui/hooks": "1.7.1",
        "@chakra-ui/react-utils": "1.2.1",
        "@chakra-ui/utils": "1.9.1"
      }
    },
    "@chakra-ui/react-utils": {
      "version": "1.2.1",
      "resolved": "https://registry.npmjs.org/@chakra-ui/react-utils/-/react-utils-1.2.1.tgz",
      "integrity": "sha512-bV8FRaXiOgGxOg03iTNin/B02I+tHH9PQtqUTl3U7cJaoI+5AUYhrqXvl1Ya2/R7zxSFrb/gBVDTgbZiVkJ+Dg==",
      "requires": {
        "@chakra-ui/utils": "^1.9.1"
      }
    },
    "@chakra-ui/utils": {
      "version": "1.9.1",
      "resolved": "https://registry.npmjs.org/@chakra-ui/utils/-/utils-1.9.1.tgz",
      "integrity": "sha512-Tue8JfpzOqeHd8vSqAnX1l/Y3Gg456+BXFP/TH6mCIeqMAMbrvv25vDskds0wlXRjMYdmpqHxCEzkalFrscGHA==",
      "requires": {
        "@types/lodash.mergewith": "4.6.6",
        "css-box-model": "1.2.1",
        "framesync": "5.3.0",
        "lodash.mergewith": "4.6.2"
      }
    },
    "@types/lodash": {
      "version": "4.14.178",
      "resolved": "https://registry.npmjs.org/@types/lodash/-/lodash-4.14.178.tgz",
      "integrity": "sha512-0d5Wd09ItQWH1qFbEyQ7oTQ3GZrMfth5JkbN3EvTKLXcHLRDSXeLnlvlOn0wvxVIwK5o2M8JzP/OWz7T3NRsbw=="
    },
    "@types/lodash.mergewith": {
      "version": "4.6.6",
      "resolved": "https://registry.npmjs.org/@types/lodash.mergewith/-/lodash.mergewith-4.6.6.tgz",
      "integrity": "sha512-RY/8IaVENjG19rxTZu9Nukqh0W2UrYgmBj5sdns4hWRZaV8PqR7wIKHFKzvOTjo4zVRV7sVI+yFhAJql12Kfqg==",
      "requires": {
        "@types/lodash": "*"
      }
    },
    "compute-scroll-into-view": {
      "version": "1.0.14",
      "resolved": "https://registry.npmjs.org/compute-scroll-into-view/-/compute-scroll-into-view-1.0.14.tgz",
      "integrity": "sha512-mKDjINe3tc6hGelUMNDzuhorIUZ7kS7BwyY0r2wQd2HOH2tRuJykiC06iSEX8y1TuhNzvz4GcJnK16mM2J1NMQ=="
    },
    "copy-to-clipboard": {
      "version": "3.3.1",
      "resolved": "https://registry.npmjs.org/copy-to-clipboard/-/copy-to-clipboard-3.3.1.tgz",
      "integrity": "sha512-i13qo6kIHTTpCm8/Wup+0b1mVWETvu2kIMzKoK8FpkLkFxlt0znUAHcMzox+T8sPlqtZXq3CulEjQHsYiGFJUw==",
      "requires": {
        "toggle-selection": "^1.0.6"
      }
    },
    "css-box-model": {
      "version": "1.2.1",
      "resolved": "https://registry.npmjs.org/css-box-model/-/css-box-model-1.2.1.tgz",
      "integrity": "sha512-a7Vr4Q/kd/aw96bnJG332W9V9LkJO69JRcaCYDUqjp6/z0w6VcZjgAcTbgFxEPfBgdnAwlh3iwu+hLopa+flJw==",
      "requires": {
        "tiny-invariant": "^1.0.6"
      }
    },
    "framesync": {
      "version": "5.3.0",
      "resolved": "https://registry.npmjs.org/framesync/-/framesync-5.3.0.tgz",
      "integrity": "sha512-oc5m68HDO/tuK2blj7ZcdEBRx3p1PjrgHazL8GYEpvULhrtGIFbQArN6cQS2QhW8mitffaB+VYzMjDqBxxQeoA==",
      "requires": {
        "tslib": "^2.1.0"
      }
    },
    "js-tokens": {
      "version": "4.0.0",
      "resolved": "https://registry.npmjs.org/js-tokens/-/js-tokens-4.0.0.tgz",
      "integrity": "sha512-RdJUflcE3cUzKiMqQgsCu06FPu9UdIJO0beYbPhHN4k6apgJtifcoCtT9bcxOpYBtpD2kCM6Sbzg4CausW/PKQ==",
      "peer": true
    },
    "lodash.mergewith": {
      "version": "4.6.2",
      "resolved": "https://registry.npmjs.org/lodash.mergewith/-/lodash.mergewith-4.6.2.tgz",
      "integrity": "sha512-GK3g5RPZWTRSeLSpgP8Xhra+pnjBC56q9FZYe1d5RN3TJ35dbkGy3YqBSMbyCrlbi+CM9Z3Jk5yTL7RCsqboyQ=="
    },
    "loose-envify": {
      "version": "1.4.0",
      "resolved": "https://registry.npmjs.org/loose-envify/-/loose-envify-1.4.0.tgz",
      "integrity": "sha512-lyuxPGr/Wfhrlem2CL/UcnUc1zcqKAImBDzukY7Y5F/yQiNdko6+fRLevlw1HgMySw7f611UIY408EtxRSoK3Q==",
      "peer": true,
      "requires": {
        "js-tokens": "^3.0.0 || ^4.0.0"
      }
    },
    "object-assign": {
      "version": "4.1.1",
      "resolved": "https://registry.npmjs.org/object-assign/-/object-assign-4.1.1.tgz",
      "integrity": "sha1-IQmtx5ZYh8/AXLvUQsrIv7s2CGM=",
      "peer": true
    },
    "react": {
      "version": "17.0.2",
      "resolved": "https://registry.npmjs.org/react/-/react-17.0.2.tgz",
      "integrity": "sha512-gnhPt75i/dq/z3/6q/0asP78D0u592D5L1pd7M8P+dck6Fu/jJeL6iVVK23fptSUZj8Vjf++7wXA8UNclGQcbA==",
      "peer": true,
      "requires": {
        "loose-envify": "^1.1.0",
        "object-assign": "^4.1.1"
      }
    },
    "react-dom": {
      "version": "17.0.2",
      "resolved": "https://registry.npmjs.org/react-dom/-/react-dom-17.0.2.tgz",
      "integrity": "sha512-s4h96KtLDUQlsENhMn1ar8t2bEa+q/YAtj8pPPdIjPDGBDIVNsrD9aXNWqspUe6AzKCIG0C1HZZLqLV7qpOBGA==",
      "peer": true,
      "requires": {
        "loose-envify": "^1.1.0",
        "object-assign": "^4.1.1",
        "scheduler": "^0.20.2"
      }
    },
    "scheduler": {
      "version": "0.20.2",
      "resolved": "https://registry.npmjs.org/scheduler/-/scheduler-0.20.2.tgz",
      "integrity": "sha512-2eWfGgAqqWFGqtdMmcL5zCMK1U8KlXv8SQFGglL3CEtd0aDVDWgeF/YoCmvln55m5zSk3J/20hTaSBeSObsQDQ==",
      "peer": true,
      "requires": {
        "loose-envify": "^1.1.0",
        "object-assign": "^4.1.1"
      }
    },
    "tiny-invariant": {
      "version": "1.2.0",
      "resolved": "https://registry.npmjs.org/tiny-invariant/-/tiny-invariant-1.2.0.tgz",
      "integrity": "sha512-1Uhn/aqw5C6RI4KejVeTg6mIS7IqxnLJ8Mv2tV5rTc0qWobay7pDUz6Wi392Cnc8ak1H0F2cjoRzb2/AW4+Fvg=="
    },
    "toggle-selection": {
      "version": "1.0.6",
      "resolved": "https://registry.npmjs.org/toggle-selection/-/toggle-selection-1.0.6.tgz",
      "integrity": "sha1-bkWxJj8gF/oKzH2J14sVuL932jI="
    },
    "tslib": {
      "version": "2.3.1",
      "resolved": "https://registry.npmjs.org/tslib/-/tslib-2.3.1.tgz",
      "integrity": "sha512-77EbyPPpMz+FRFRuAFlWMtmgUWGe9UOG2Z25NqCwiIjRhOf5iKGuzSe5P2w1laq+FkRy4p+PCuVkJSGkzTEKVw=="
    }
  }
}
